# This file is automatically @generated by Poetry 2.0.1 and should not be changed by hand.

[[package]]
name = "confluent-kafka"
version = "2.10.1"
description = "Confluent's Python client for Apache Kafka"
optional = false
python-versions = ">=3.7"
groups = ["main"]
files = [
    {file = "confluent_kafka-2.10.1-cp310-cp310-macosx_10_9_x86_64.whl", hash = "sha256:ad6a9ba5aba014b3a45d560edccd8864be5cc4a9402ba8520201b18c18b7c899"},
    {file = "confluent_kafka-2.10.1-cp310-cp310-macosx_11_0_arm64.whl", hash = "sha256:682b67ec638142fe090e71f76d698484d3199e70b67474e16938c196e635fa4b"},
    {file = "confluent_kafka-2.10.1-cp310-cp310-manylinux_2_28_aarch64.whl", hash = "sha256:2b7e85876c8b714e20a54cdc313509767885d00b9ced3cbff2285d881853151b"},
    {file = "confluent_kafka-2.10.1-cp310-cp310-manylinux_2_28_x86_64.whl", hash = "sha256:f3aec168ec1817d89102e0d517f8523fc7efbf0058859dcf5aa42cd9d99a12fa"},
    {file = "confluent_kafka-2.10.1-cp310-cp310-win_amd64.whl", hash = "sha256:95d72e1b9576bc4cd269dbba0dda65047d316ff2fab84c88aa3417f2a3aae0b6"},
    {file = "confluent_kafka-2.10.1-cp311-cp311-macosx_10_9_x86_64.whl", hash = "sha256:147c83ea89b0e93ecc7dac6d42eebc4fc541cfb1f0f7d8ab05fdda76b7d7adcc"},
    {file = "confluent_kafka-2.10.1-cp311-cp311-macosx_11_0_arm64.whl", hash = "sha256:33c2ca92920d0c7e5079f9814523ed709b16d369ab0cca1941abc72b703a8c59"},
    {file = "confluent_kafka-2.10.1-cp311-cp311-manylinux_2_28_aarch64.whl", hash = "sha256:0addf6fe866ade4d13f94057a6908dff7ddec7d68002a3f6b596bc72d975ed8b"},
    {file = "confluent_kafka-2.10.1-cp311-cp311-manylinux_2_28_x86_64.whl", hash = "sha256:f17b45fcdecf0d58c584d5ae95257078759796aaed73ebbe1d32431228c50467"},
    {file = "confluent_kafka-2.10.1-cp311-cp311-win_amd64.whl", hash = "sha256:fdd032a8c7637263defcf577b36d1d4dba6495877e49662e4af4cc15e6950c77"},
    {file = "confluent_kafka-2.10.1-cp312-cp312-macosx_10_9_x86_64.whl", hash = "sha256:d5303e42f94fc044e27e0224476173fe454d039f7cad5011bae5775086161c23"},
    {file = "confluent_kafka-2.10.1-cp312-cp312-macosx_11_0_arm64.whl", hash = "sha256:a277eec260fd048cfcc32a95da9e14e0701d7c04b276dcc79de7f09fdfa74235"},
    {file = "confluent_kafka-2.10.1-cp312-cp312-manylinux_2_28_aarch64.whl", hash = "sha256:9c4282213d9066ba37d5508d01c1e1e63963f4ea2273d918ebcf8990311347ad"},
    {file = "confluent_kafka-2.10.1-cp312-cp312-manylinux_2_28_x86_64.whl", hash = "sha256:08aef1602a5dd2fc448dac5009b345d93304d8ab53640c8a63f06714f4420294"},
    {file = "confluent_kafka-2.10.1-cp312-cp312-win_amd64.whl", hash = "sha256:352152e0562a5feb2fa4ec4f91b801fed56695f5508946ff084aa23b4495b201"},
    {file = "confluent_kafka-2.10.1-cp313-cp313-macosx_13_0_arm64.whl", hash = "sha256:325b774ebf37d5d5e7fdcda58bea2925c5bf536da365db0e80e4e3e1d1e4b748"},
    {file = "confluent_kafka-2.10.1-cp313-cp313-macosx_13_0_x86_64.whl", hash = "sha256:d2190269874554e5b2dd8b8d08968d3f205107fbe58c7199bde7c89aabeabff2"},
    {file = "confluent_kafka-2.10.1-cp313-cp313-manylinux_2_28_aarch64.whl", hash = "sha256:3a10d099efbdddd58d71172db50de784991c4f2d47a55c09e5023e943aef88bf"},
    {file = "confluent_kafka-2.10.1-cp313-cp313-manylinux_2_28_x86_64.whl", hash = "sha256:deb4d95114ada2020abc24b48c3861dd96f164955652e7bd9f9b8e84b257c03a"},
    {file = "confluent_kafka-2.10.1-cp313-cp313-win_amd64.whl", hash = "sha256:b8040e89e89d462331fc5c46d6f6b79d22f1b9482afc8005776029965b86b41c"},
    {file = "confluent_kafka-2.10.1-cp313-cp313t-manylinux_2_28_aarch64.whl", hash = "sha256:a7724d6fb4526240980fcae7900c62ffb93ce5c5926a4e19133ec79e26558b61"},
    {file = "confluent_kafka-2.10.1-cp37-cp37m-macosx_10_9_x86_64.whl", hash = "sha256:55c2c78d0d3ab37f325acac38322a2d50f409eadf7057619c1b58941f28ceff5"},
    {file = "confluent_kafka-2.10.1-cp37-cp37m-manylinux_2_28_x86_64.whl", hash = "sha256:be21c9a4bf8da98440e7999701587d87f13e4a342c761711e6c12fb5d8ef0371"},
    {file = "confluent_kafka-2.10.1-cp37-cp37m-win_amd64.whl", hash = "sha256:707d07b56b31442633123504ba6542cf6a9683bdd256b89dec3687afdd7b1f4a"},
    {file = "confluent_kafka-2.10.1-cp38-cp38-macosx_10_9_x86_64.whl", hash = "sha256:29569d5185fad1903b8dd34cbc3b16649425da4346749dd567b87298e733cad3"},
    {file = "confluent_kafka-2.10.1-cp38-cp38-macosx_11_0_arm64.whl", hash = "sha256:07c3cf9f75b22924bca777a26640902c2675bc70a33172f1354a47ebe70d7f1e"},
    {file = "confluent_kafka-2.10.1-cp38-cp38-manylinux_2_28_aarch64.whl", hash = "sha256:edfd39d73fc8d276c058a562b7815d25b7427c6be75bdb914920fba067673591"},
    {file = "confluent_kafka-2.10.1-cp38-cp38-manylinux_2_28_x86_64.whl", hash = "sha256:f56b51685c017b46a45f2f1f5ab283b594d433572aecf3463ecca600188bf3c9"},
    {file = "confluent_kafka-2.10.1-cp38-cp38-win_amd64.whl", hash = "sha256:9fdf9efcbe290bb2d08ed8ac682987438d771600a036f6246f3be03244a09504"},
    {file = "confluent_kafka-2.10.1-cp39-cp39-macosx_10_9_x86_64.whl", hash = "sha256:8a2dff853423789c1b0ec91e4c98d54ebaa87a72862ca5945d385036132b0929"},
    {file = "confluent_kafka-2.10.1-cp39-cp39-macosx_11_0_arm64.whl", hash = "sha256:2a2db485bdd6186334587833b5aea8489109c388cd9f8c44eeb146013086a3c3"},
    {file = "confluent_kafka-2.10.1-cp39-cp39-manylinux_2_28_aarch64.whl", hash = "sha256:b03a534c11969b02b989a876dfef483dba2cd6edd8014dda904158e678ddb4f4"},
    {file = "confluent_kafka-2.10.1-cp39-cp39-manylinux_2_28_x86_64.whl", hash = "sha256:77e0c20b7d14c44c9623ea92b136255670d2d91903828e8cf93cacf11e90c166"},
    {file = "confluent_kafka-2.10.1-cp39-cp39-win_amd64.whl", hash = "sha256:8a6f3acfac7931558d76e5aea0552f2d4f833c04ac8214604f4e3d0cb2ee0b59"},
    {file = "confluent_kafka-2.10.1.tar.gz", hash = "sha256:536c76f6c39a93c367a70016781cf7e73808300228b8e33b444c846fdef801e4"},
]

[package.extras]
all = ["async-timeout", "attrs", "attrs", "authlib (>=1.0.0)", "authlib (>=1.0.0)", "avro (>=1.11.1,<2)", "avro (>=1.11.1,<2)", "azure-identity", "azure-identity", "azure-keyvault-keys", "azure-keyvault-keys", "boto3", "boto3 (>=1.35)", "cachetools", "cachetools", "cel-python (>=0.1.5)", "cel-python (>=0.1.5)", "confluent-kafka", "fastapi", "fastavro (<1.8.0)", "fastavro (<1.8.0)", "fastavro (<2)", "fastavro (<2)", "flake8", "google-api-core", "google-api-core", "google-auth", "google-auth", "google-cloud-kms", "google-cloud-kms", "googleapis-common-protos", "googleapis-common-protos", "hkdf (==0.0.3)", "hkdf (==0.0.3)", "httpx (>=0.26)", "httpx (>=0.26)", "hvac", "hvac", "jsonata-python", "jsonata-python", "jsonschema", "jsonschema", "opentelemetry-distro", "opentelemetry-exporter-otlp", "orjson", "pluggy (<1.6.0)", "protobuf", "protobuf", "psutil", "pydantic", "pyrsistent", "pyrsistent", "pytest", "pytest-asyncio", "pytest-timeout", "pytest_cov", "pyyaml (>=6.0.0)", "pyyaml (>=6.0.0)", "requests", "requests", "requests-mock", "respx", "six", "sphinx", "sphinx-rtd-theme", "tink", "tink", "urllib3 (<2)", "urllib3 (<3)", "uvicorn"]
avro = ["attrs", "authlib (>=1.0.0)", "avro (>=1.11.1,<2)", "cachetools", "fastavro (<1.8.0)", "fastavro (<2)", "httpx (>=0.26)", "requests"]
dev = ["async-timeout", "attrs", "attrs", "authlib (>=1.0.0)", "authlib (>=1.0.0)", "avro (>=1.11.1,<2)", "avro (>=1.11.1,<2)", "azure-identity", "azure-identity", "azure-keyvault-keys", "azure-keyvault-keys", "boto3", "boto3 (>=1.35)", "cachetools", "cachetools", "cel-python (>=0.1.5)", "cel-python (>=0.1.5)", "confluent-kafka", "fastapi", "fastavro (<1.8.0)", "fastavro (<1.8.0)", "fastavro (<2)", "fastavro (<2)", "flake8", "google-api-core", "google-api-core", "google-auth", "google-auth", "google-cloud-kms", "google-cloud-kms", "googleapis-common-protos", "googleapis-common-protos", "hkdf (==0.0.3)", "hkdf (==0.0.3)", "httpx (>=0.26)", "httpx (>=0.26)", "hvac", "hvac", "jsonata-python", "jsonata-python", "jsonschema", "jsonschema", "orjson", "pluggy (<1.6.0)", "protobuf", "protobuf", "pydantic", "pyrsistent", "pyrsistent", "pytest", "pytest-asyncio", "pytest-timeout", "pytest_cov", "pyyaml (>=6.0.0)", "pyyaml (>=6.0.0)", "requests", "requests", "requests-mock", "respx", "six", "sphinx", "sphinx-rtd-theme", "tink", "tink", "urllib3 (<2)", "urllib3 (<3)", "uvicorn"]
docs = ["attrs", "authlib (>=1.0.0)", "avro (>=1.11.1,<2)", "azure-identity", "azure-keyvault-keys", "boto3 (>=1.35)", "cachetools", "cel-python (>=0.1.5)", "fastavro (<1.8.0)", "fastavro (<2)", "google-api-core", "google-auth", "google-cloud-kms", "googleapis-common-protos", "hkdf (==0.0.3)", "httpx (>=0.26)", "hvac", "jsonata-python", "jsonschema", "protobuf", "pyrsistent", "pyyaml (>=6.0.0)", "requests", "sphinx", "sphinx-rtd-theme", "tink"]
examples = ["attrs", "authlib (>=1.0.0)", "avro (>=1.11.1,<2)", "azure-identity", "azure-keyvault-keys", "boto3", "cachetools", "cel-python (>=0.1.5)", "confluent-kafka", "fastapi", "fastavro (<1.8.0)", "fastavro (<2)", "google-api-core", "google-auth", "google-cloud-kms", "googleapis-common-protos", "hkdf (==0.0.3)", "httpx (>=0.26)", "hvac", "jsonata-python", "jsonschema", "protobuf", "pydantic", "pyrsistent", "pyyaml (>=6.0.0)", "requests", "six", "tink", "uvicorn"]
json = ["attrs", "authlib (>=1.0.0)", "cachetools", "httpx (>=0.26)", "jsonschema", "pyrsistent"]
protobuf = ["attrs", "authlib (>=1.0.0)", "cachetools", "googleapis-common-protos", "httpx (>=0.26)", "protobuf"]
rules = ["attrs", "authlib (>=1.0.0)", "azure-identity", "azure-keyvault-keys", "boto3 (>=1.35)", "cachetools", "cel-python (>=0.1.5)", "google-api-core", "google-auth", "google-cloud-kms", "hkdf (==0.0.3)", "httpx (>=0.26)", "hvac", "jsonata-python", "pyyaml (>=6.0.0)", "tink"]
schema-registry = ["attrs", "authlib (>=1.0.0)", "cachetools", "httpx (>=0.26)"]
schemaregistry = ["attrs", "authlib (>=1.0.0)", "cachetools", "httpx (>=0.26)"]
soaktest = ["opentelemetry-distro", "opentelemetry-exporter-otlp", "psutil"]
tests = ["async-timeout", "attrs", "authlib (>=1.0.0)", "avro (>=1.11.1,<2)", "azure-identity", "azure-keyvault-keys", "boto3 (>=1.35)", "cachetools", "cel-python (>=0.1.5)", "fastavro (<1.8.0)", "fastavro (<2)", "flake8", "google-api-core", "google-auth", "google-cloud-kms", "googleapis-common-protos", "hkdf (==0.0.3)", "httpx (>=0.26)", "hvac", "jsonata-python", "jsonschema", "orjson", "pluggy (<1.6.0)", "protobuf", "pyrsistent", "pytest", "pytest-asyncio", "pytest-timeout", "pytest_cov", "pyyaml (>=6.0.0)", "requests", "requests-mock", "respx", "tink", "urllib3 (<2)", "urllib3 (<3)"]

[[package]]
name = "fastavro"
version = "1.11.1"
description = "Fast read/write of AVRO files"
optional = false
python-versions = ">=3.9"
groups = ["main"]
files = [
    {file = "fastavro-1.11.1-cp310-cp310-macosx_10_9_universal2.whl", hash = "sha256:603aa1c1d1be21fb4bcb63e1efb0711a9ddb337de81391c32dac95c6e0dacfcc"},
    {file = "fastavro-1.11.1-cp310-cp310-manylinux_2_17_aarch64.manylinux2014_aarch64.whl", hash = "sha256:45653b312d4ce297e2bd802ea3ffd17ecbe718e5e8b6e2ae04cd72cb50bb99d5"},
    {file = "fastavro-1.11.1-cp310-cp310-manylinux_2_17_x86_64.manylinux2014_x86_64.whl", hash = "sha256:998a53fc552e6bee9acda32af258f02557313c85fb5b48becba5b71ec82f421e"},
    {file = "fastavro-1.11.1-cp310-cp310-musllinux_1_2_aarch64.whl", hash = "sha256:9f878c9ad819467120cb066f1c73496c42eb24ecdd7c992ec996f465ef4cedad"},
    {file = "fastavro-1.11.1-cp310-cp310-musllinux_1_2_x86_64.whl", hash = "sha256:da9e4c231ac4951092c2230ca423d8a3f2966718f072ac1e2c5d2d44c70b2a50"},
    {file = "fastavro-1.11.1-cp310-cp310-win_amd64.whl", hash = "sha256:7423bfad3199567eeee7ad6816402c7c0ee1658b959e8c10540cfbc60ce96c2a"},
    {file = "fastavro-1.11.1-cp311-cp311-macosx_10_9_universal2.whl", hash = "sha256:3573340e4564e8962e22f814ac937ffe0d4be5eabbd2250f77738dc47e3c8fe9"},
    {file = "fastavro-1.11.1-cp311-cp311-manylinux_2_17_aarch64.manylinux2014_aarch64.whl", hash = "sha256:7291cf47735b8bd6ff5d9b33120e6e0974f52fd5dff90cd24151b22018e7fd29"},
    {file = "fastavro-1.11.1-cp311-cp311-manylinux_2_17_x86_64.manylinux2014_x86_64.whl", hash = "sha256:bf3bb065d657d5bac8b2cb39945194aa086a9b3354f2da7f89c30e4dc20e08e2"},
    {file = "fastavro-1.11.1-cp311-cp311-musllinux_1_2_aarch64.whl", hash = "sha256:8758317c85296b848698132efb13bc44a4fbd6017431cc0f26eaeb0d6fa13d35"},
    {file = "fastavro-1.11.1-cp311-cp311-musllinux_1_2_x86_64.whl", hash = "sha256:ad99d57228f83bf3e2214d183fbf6e2fda97fd649b2bdaf8e9110c36cbb02624"},
    {file = "fastavro-1.11.1-cp311-cp311-win_amd64.whl", hash = "sha256:9134090178bdbf9eefd467717ced3dc151e27a7e7bfc728260ce512697efe5a4"},
    {file = "fastavro-1.11.1-cp312-cp312-macosx_10_13_universal2.whl", hash = "sha256:e8bc238f2637cd5d15238adbe8fb8c58d2e6f1870e0fb28d89508584670bae4b"},
    {file = "fastavro-1.11.1-cp312-cp312-manylinux_2_17_aarch64.manylinux2014_aarch64.whl", hash = "sha256:b403933081c83fc4d8a012ee64b86e560a024b1280e3711ee74f2abc904886e8"},
    {file = "fastavro-1.11.1-cp312-cp312-manylinux_2_17_x86_64.manylinux2014_x86_64.whl", hash = "sha256:3f6ecb4b5f77aa756d973b7dd1c2fb4e4c95b4832a3c98b059aa96c61870c709"},
    {file = "fastavro-1.11.1-cp312-cp312-musllinux_1_2_aarch64.whl", hash = "sha256:059893df63ef823b0231b485c9d43016c7e32850cae7bf69f4e9d46dd41c28f2"},
    {file = "fastavro-1.11.1-cp312-cp312-musllinux_1_2_x86_64.whl", hash = "sha256:5120ffc9a200699218e01777e695a2f08afb3547ba818184198c757dc39417bd"},
    {file = "fastavro-1.11.1-cp312-cp312-win_amd64.whl", hash = "sha256:7bb9d0d2233f33a52908b6ea9b376fe0baf1144bdfdfb3c6ad326e200a8b56b0"},
    {file = "fastavro-1.11.1-cp313-cp313-macosx_10_13_universal2.whl", hash = "sha256:f963b8ddaf179660e814ab420850c1b4ea33e2ad2de8011549d958b21f77f20a"},
    {file = "fastavro-1.11.1-cp313-cp313-manylinux_2_17_aarch64.manylinux2014_aarch64.whl", hash = "sha256:0253e5b6a3c9b62fae9fc3abd8184c5b64a833322b6af7d666d3db266ad879b5"},
    {file = "fastavro-1.11.1-cp313-cp313-manylinux_2_17_x86_64.manylinux2014_x86_64.whl", hash = "sha256:ca637b150e1f4c0e8e564fad40a16bd922bcb7ffd1a6e4836e6084f2c4f4e8db"},
    {file = "fastavro-1.11.1-cp313-cp313-musllinux_1_2_aarch64.whl", hash = "sha256:76af1709031621828ca6ce7f027f7711fa33ac23e8269e7a5733996ff8d318da"},
    {file = "fastavro-1.11.1-cp313-cp313-musllinux_1_2_x86_64.whl", hash = "sha256:8224e6d8d9864d4e55dafbe88920d6a1b8c19cc3006acfac6aa4f494a6af3450"},
    {file = "fastavro-1.11.1-cp313-cp313-win_amd64.whl", hash = "sha256:cde7ed91b52ff21f0f9f157329760ba7251508ca3e9618af3ffdac986d9faaa2"},
    {file = "fastavro-1.11.1-cp313-cp313t-macosx_10_13_universal2.whl", hash = "sha256:e5ed1325c1c414dd954e7a2c5074daefe1eceb672b8c727aa030ba327aa00693"},
    {file = "fastavro-1.11.1-cp313-cp313t-manylinux_2_17_aarch64.manylinux2014_aarch64.whl", hash = "sha256:8cd3c95baeec37188899824faf44a5ee94dfc4d8667b05b2f867070c7eb174c4"},
    {file = "fastavro-1.11.1-cp313-cp313t-manylinux_2_17_x86_64.manylinux2014_x86_64.whl", hash = "sha256:2e0babcd81acceb4c60110af9efa25d890dbb68f7de880f806dadeb1e70fe413"},
    {file = "fastavro-1.11.1-cp313-cp313t-musllinux_1_2_aarch64.whl", hash = "sha256:b2c0cb8063c7208b53b6867983dc6ae7cc80b91116b51d435d2610a5db2fc52f"},
    {file = "fastavro-1.11.1-cp313-cp313t-musllinux_1_2_x86_64.whl", hash = "sha256:1bc2824e9969c04ab6263d269a1e0e5d40b9bd16ade6b70c29d6ffbc4f3cc102"},
    {file = "fastavro-1.11.1-cp39-cp39-macosx_10_9_universal2.whl", hash = "sha256:8b579bab31ff87fcb5ef9f6f13baaf99f189b92ed287af60348777583628c327"},
    {file = "fastavro-1.11.1-cp39-cp39-manylinux_2_17_aarch64.manylinux2014_aarch64.whl", hash = "sha256:5c646f07c7827fea7425b6936a27f67f356a2a80ac19e6100ed6d3bb0610cc3d"},
    {file = "fastavro-1.11.1-cp39-cp39-manylinux_2_17_x86_64.manylinux2014_x86_64.whl", hash = "sha256:2915324e1edb0e06f0be0c18279c60f4cff49f6fe01626594707eb75cd9952fc"},
    {file = "fastavro-1.11.1-cp39-cp39-musllinux_1_2_aarch64.whl", hash = "sha256:8fd87ee1e9101b45172fb3cff21b56ce08270d9474eec1d436393677daa95938"},
    {file = "fastavro-1.11.1-cp39-cp39-musllinux_1_2_x86_64.whl", hash = "sha256:88876568ef387996fbfc6b193a5b9830de3c0497af7d07e5c839a70b86bb47e7"},
    {file = "fastavro-1.11.1-cp39-cp39-win_amd64.whl", hash = "sha256:cebb7433b860d9b13090d0e53f6db075e4e2042aeb2c577f515e73d2b9c98075"},
    {file = "fastavro-1.11.1.tar.gz", hash = "sha256:bf6acde5ee633a29fb8dfd6dfea13b164722bc3adc05a0e055df080549c1c2f8"},
]

[package.extras]
codecs = ["cramjam", "lz4", "zstandard"]
lz4 = ["lz4"]
snappy = ["cramjam"]
zstandard = ["zstandard"]

[metadata]
lock-version = "2.1"
python-versions = ">=3.10"
content-hash = "d8fd2fbb5e7d80e73345ce8a9cde63cc0b2f9915a1cd82c829e4a19d87d07033"
